{
  "version": 4,
  "terraform_version": "1.11.3",
  "serial": 5,
  "lineage": "62ae5f92-62bb-d05b-3771-adf018757a98",
  "outputs": {},
  "resources": [
    {
      "mode": "managed",
      "type": "azurerm_linux_web_app",
      "name": "backend_app",
      "provider": "provider[\"registry.terraform.io/hashicorp/azurerm\"]",
      "instances": [
        {
          "schema_version": 1,
          "attributes": {
            "app_settings": {
              "ENVIRONMENT": "dev",
              "WEBSITE_NODE_DEFAULT_VERSION": "18-lts",
              "WEBSITE_RUN_FROM_PACKAGE": "0"
            },
            "auth_settings": [],
            "auth_settings_v2": [],
            "backup": [],
            "client_affinity_enabled": false,
            "client_certificate_enabled": false,
            "client_certificate_exclusion_paths": "",
            "client_certificate_mode": "Required",
            "connection_string": [],
            "custom_domain_verification_id": "39A4367EFBE58765C2D530A012FBCD7F747C08C1970E88054C87378B2E66CD0D",
            "default_hostname": "clinica-backend-app-dev-account.azurewebsites.net",
            "enabled": true,
            "ftp_publish_basic_authentication_enabled": true,
            "hosting_environment_id": "",
            "https_only": false,
            "id": "/subscriptions/54317a69-cab5-4ed7-b80e-f63b5784fecb/resourceGroups/clinica-movimentar-account/providers/Microsoft.Web/sites/clinica-backend-app-dev-account",
            "identity": [],
            "key_vault_reference_identity_id": "SystemAssigned",
            "kind": "app,linux",
            "location": "westeurope",
            "logs": [],
            "name": "clinica-backend-app-dev-account",
            "outbound_ip_address_list": [
              "20.101.188.174",
              "20.101.189.236",
              "20.101.190.64",
              "20.101.190.255",
              "20.101.191.10",
              "20.101.191.37",
              "20.86.209.248",
              "20.86.210.26",
              "20.86.211.60",
              "20.86.211.198",
              "20.86.212.16",
              "20.86.212.165",
              "20.105.232.49"
            ],
            "outbound_ip_addresses": "20.101.188.174,20.101.189.236,20.101.190.64,20.101.190.255,20.101.191.10,20.101.191.37,20.86.209.248,20.86.210.26,20.86.211.60,20.86.211.198,20.86.212.16,20.86.212.165,20.105.232.49",
            "possible_outbound_ip_address_list": [
              "20.101.188.174",
              "20.101.189.236",
              "20.101.190.64",
              "20.101.190.255",
              "20.101.191.10",
              "20.101.191.37",
              "20.86.209.248",
              "20.86.210.26",
              "20.86.211.60",
              "20.86.211.198",
              "20.86.212.16",
              "20.86.212.165",
              "20.86.212.206",
              "20.86.213.153",
              "20.86.215.112",
              "20.86.215.141",
              "20.101.184.31",
              "20.101.185.92",
              "20.101.186.189",
              "20.101.187.75",
              "20.101.187.78",
              "20.101.187.82",
              "20.101.188.20",
              "20.101.188.22",
              "20.101.191.66",
              "20.101.191.74",
              "20.101.191.82",
              "20.101.191.118",
              "20.101.191.178",
              "20.23.48.160",
              "20.105.232.49"
            ],
            "possible_outbound_ip_addresses": "20.101.188.174,20.101.189.236,20.101.190.64,20.101.190.255,20.101.191.10,20.101.191.37,20.86.209.248,20.86.210.26,20.86.211.60,20.86.211.198,20.86.212.16,20.86.212.165,20.86.212.206,20.86.213.153,20.86.215.112,20.86.215.141,20.101.184.31,20.101.185.92,20.101.186.189,20.101.187.75,20.101.187.78,20.101.187.82,20.101.188.20,20.101.188.22,20.101.191.66,20.101.191.74,20.101.191.82,20.101.191.118,20.101.191.178,20.23.48.160,20.105.232.49",
            "public_network_access_enabled": true,
            "resource_group_name": "clinica-movimentar-account",
            "service_plan_id": "/subscriptions/54317a69-cab5-4ed7-b80e-f63b5784fecb/resourceGroups/clinica-movimentar-account/providers/Microsoft.Web/serverFarms/appserviceplan-clinica-dev-account",
            "site_config": [
              {
                "always_on": false,
                "api_definition_url": "",
                "api_management_api_id": "",
                "app_command_line": "",
                "application_stack": [
                  {
                    "docker_image_name": "",
                    "docker_registry_password": "",
                    "docker_registry_url": "",
                    "docker_registry_username": "",
                    "dotnet_version": "",
                    "go_version": "",
                    "java_server": "",
                    "java_server_version": "",
                    "java_version": "",
                    "node_version": "18-lts",
                    "php_version": "",
                    "python_version": "",
                    "ruby_version": ""
                  }
                ],
                "auto_heal_setting": [],
                "container_registry_managed_identity_client_id": "",
                "container_registry_use_managed_identity": false,
                "cors": [],
                "default_documents": [
                  "Default.htm",
                  "Default.html",
                  "Default.asp",
                  "index.htm",
                  "index.html",
                  "iisstart.htm",
                  "default.aspx",
                  "index.php",
                  "hostingstart.html"
                ],
                "detailed_error_logging_enabled": false,
                "ftps_state": "Disabled",
                "health_check_eviction_time_in_min": 0,
                "health_check_path": "",
                "http2_enabled": false,
                "ip_restriction": [],
                "ip_restriction_default_action": "Allow",
                "linux_fx_version": "NODE|18-lts",
                "load_balancing_mode": "LeastRequests",
                "local_mysql_enabled": false,
                "managed_pipeline_mode": "Integrated",
                "minimum_tls_version": "1.2",
                "remote_debugging_enabled": false,
                "remote_debugging_version": "VS2022",
                "scm_ip_restriction": [],
                "scm_ip_restriction_default_action": "Allow",
                "scm_minimum_tls_version": "1.2",
                "scm_type": "None",
                "scm_use_main_ip_restriction": false,
                "use_32_bit_worker": true,
                "vnet_route_all_enabled": false,
                "websockets_enabled": false,
                "worker_count": 1
              }
            ],
            "site_credential": [
              {
                "name": "$clinica-backend-app-dev-account",
                "password": "rdxShoCALZWnndiHsZCoiRAcmDWR2EP8CcLTB8AMedg0q5YgoujqtZPyHRCQ"
              }
            ],
            "sticky_settings": [],
            "storage_account": [],
            "tags": null,
            "timeouts": null,
            "virtual_network_backup_restore_enabled": false,
            "virtual_network_subnet_id": "",
            "webdeploy_publish_basic_authentication_enabled": true,
            "zip_deploy_file": ""
          },
          "sensitive_attributes": [
            [
              {
                "type": "get_attr",
                "value": "custom_domain_verification_id"
              }
            ],
            [
              {
                "type": "get_attr",
                "value": "site_config"
              },
              {
                "type": "index",
                "value": {
                  "value": 0,
                  "type": "number"
                }
              },
              {
                "type": "get_attr",
                "value": "application_stack"
              },
              {
                "type": "index",
                "value": {
                  "value": 0,
                  "type": "number"
                }
              },
              {
                "type": "get_attr",
                "value": "docker_registry_password"
              }
            ],
            [
              {
                "type": "get_attr",
                "value": "site_credential"
              }
            ]
          ],
          "private": "eyJlMmJmYjczMC1lY2FhLTExZTYtOGY4OC0zNDM2M2JjN2M0YzAiOnsiY3JlYXRlIjoxODAwMDAwMDAwMDAwLCJkZWxldGUiOjE4MDAwMDAwMDAwMDAsInJlYWQiOjMwMDAwMDAwMDAwMCwidXBkYXRlIjoxODAwMDAwMDAwMDAwfSwic2NoZW1hX3ZlcnNpb24iOiIxIn0=",
          "dependencies": [
            "azurerm_resource_group.clinica",
            "azurerm_service_plan.app_plan"
          ]
        }
      ]
    },
    {
      "mode": "managed",
      "type": "azurerm_resource_group",
      "name": "clinica",
      "provider": "provider[\"registry.terraform.io/hashicorp/azurerm\"]",
      "instances": [
        {
          "schema_version": 0,
          "attributes": {
            "id": "/subscriptions/54317a69-cab5-4ed7-b80e-f63b5784fecb/resourceGroups/clinica-movimentar-account",
            "location": "westeurope",
            "managed_by": "",
            "name": "clinica-movimentar-account",
            "tags": null,
            "timeouts": null
          },
          "sensitive_attributes": [],
          "private": "eyJlMmJmYjczMC1lY2FhLTExZTYtOGY4OC0zNDM2M2JjN2M0YzAiOnsiY3JlYXRlIjo1NDAwMDAwMDAwMDAwLCJkZWxldGUiOjU0MDAwMDAwMDAwMDAsInJlYWQiOjMwMDAwMDAwMDAwMCwidXBkYXRlIjo1NDAwMDAwMDAwMDAwfX0="
        }
      ]
    },
    {
      "mode": "managed",
      "type": "azurerm_service_plan",
      "name": "app_plan",
      "provider": "provider[\"registry.terraform.io/hashicorp/azurerm\"]",
      "instances": [
        {
          "schema_version": 1,
          "attributes": {
            "app_service_environment_id": "",
            "id": "/subscriptions/54317a69-cab5-4ed7-b80e-f63b5784fecb/resourceGroups/clinica-movimentar-account/providers/Microsoft.Web/serverFarms/appserviceplan-clinica-dev-account",
            "kind": "linux",
            "location": "westeurope",
            "maximum_elastic_worker_count": 1,
            "name": "appserviceplan-clinica-dev-account",
            "os_type": "Linux",
            "per_site_scaling_enabled": false,
            "premium_plan_auto_scale_enabled": false,
            "reserved": true,
            "resource_group_name": "clinica-movimentar-account",
            "sku_name": "F1",
            "tags": null,
            "timeouts": null,
            "worker_count": 1,
            "zone_balancing_enabled": false
          },
          "sensitive_attributes": [],
          "private": "eyJlMmJmYjczMC1lY2FhLTExZTYtOGY4OC0zNDM2M2JjN2M0YzAiOnsiY3JlYXRlIjozNjAwMDAwMDAwMDAwLCJkZWxldGUiOjM2MDAwMDAwMDAwMDAsInJlYWQiOjMwMDAwMDAwMDAwMCwidXBkYXRlIjozNjAwMDAwMDAwMDAwfSwic2NoZW1hX3ZlcnNpb24iOiIxIn0=",
          "dependencies": [
            "azurerm_resource_group.clinica"
          ]
        }
      ]
    },
    {
      "mode": "managed",
      "type": "azurerm_static_web_app",
      "name": "frontend_app",
      "provider": "provider[\"registry.terraform.io/hashicorp/azurerm\"]",
      "instances": [
        {
          "schema_version": 0,
          "attributes": {
            "api_key": "5e1589aaadde66e88176b95a4fe813c67a9f7bc837643911c35909992f55c0fc06-def68309-8a45-4426-9eaa-00d9aca594080032603054bc1a03",
            "app_settings": null,
            "basic_auth": [],
            "configuration_file_changes_enabled": true,
            "default_host_name": "proud-sea-054bc1a03.6.azurestaticapps.net",
            "id": "/subscriptions/54317a69-cab5-4ed7-b80e-f63b5784fecb/resourceGroups/clinica-movimentar-account/providers/Microsoft.Web/staticSites/clinica-frontend-dev",
            "identity": [],
            "location": "westeurope",
            "name": "clinica-frontend-dev",
            "preview_environments_enabled": true,
            "public_network_access_enabled": true,
            "repository_branch": "",
            "repository_token": "",
            "repository_url": "",
            "resource_group_name": "clinica-movimentar-account",
            "sku_size": "Free",
            "sku_tier": "Free",
            "tags": null,
            "timeouts": null
          },
          "sensitive_attributes": [
            [
              {
                "type": "get_attr",
                "value": "repository_token"
              }
            ],
            [
              {
                "type": "get_attr",
                "value": "api_key"
              }
            ]
          ],
          "private": "eyJlMmJmYjczMC1lY2FhLTExZTYtOGY4OC0zNDM2M2JjN2M0YzAiOnsiY3JlYXRlIjoxODAwMDAwMDAwMDAwLCJkZWxldGUiOjE4MDAwMDAwMDAwMDAsInJlYWQiOjMwMDAwMDAwMDAwMCwidXBkYXRlIjoxODAwMDAwMDAwMDAwfX0=",
          "dependencies": [
            "azurerm_resource_group.clinica"
          ]
        }
      ]
    }
  ],
  "check_results": null
}
