{
  "version": 4,
  "terraform_version": "1.11.3",
  "serial": 31,
  "lineage": "5f029a03-0e94-99ae-8059-4ff5d046e62b",
  "outputs": {},
  "resources": [
    {
      "mode": "managed",
      "type": "azurerm_linux_web_app",
      "name": "backend_app",
      "provider": "provider[\"registry.terraform.io/hashicorp/azurerm\"]",
      "instances": [
        {
          "schema_version": 1,
          "attributes": {
            "app_settings": {
              "ENVIRONMENT": "dev",
              "WEBSITE_NODE_DEFAULT_VERSION": "18-lts",
              "WEBSITE_RUN_FROM_PACKAGE": "0"
            },
            "auth_settings": [],
            "auth_settings_v2": [],
            "backup": [],
            "client_affinity_enabled": false,
            "client_certificate_enabled": false,
            "client_certificate_exclusion_paths": "",
            "client_certificate_mode": "Required",
            "connection_string": [],
            "custom_domain_verification_id": "B516137FF0BC9189AAA1DAB3AF1C74EFA910D749FCB2D1910A76E3EFB03AE500",
            "default_hostname": "clinica-backend-app-dev.azurewebsites.net",
            "enabled": true,
            "ftp_publish_basic_authentication_enabled": true,
            "hosting_environment_id": "",
            "https_only": false,
            "id": "/subscriptions/8207b153-1640-4a1d-9c3a-00061f0fb4ec/resourceGroups/rg-clinica-movimentar-1/providers/Microsoft.Web/sites/clinica-backend-app-dev",
            "identity": [],
            "key_vault_reference_identity_id": "SystemAssigned",
            "kind": "app,linux",
            "location": "centralus",
            "logs": [],
            "name": "clinica-backend-app-dev",
            "outbound_ip_address_list": [
              "168.61.219.133",
              "168.61.222.59",
              "168.61.218.81",
              "23.99.226.45",
              "13.89.172.7"
            ],
            "outbound_ip_addresses": "168.61.219.133,168.61.222.59,168.61.218.81,23.99.226.45,13.89.172.7",
            "possible_outbound_ip_address_list": [
              "168.61.219.133",
              "168.61.222.59",
              "168.61.218.81",
              "23.99.226.45",
              "168.61.218.191",
              "168.61.222.132",
              "168.61.222.163",
              "168.61.222.157",
              "168.61.219.223",
              "20.118.16.128",
              "20.118.16.160",
              "20.118.17.13",
              "20.118.17.138",
              "20.118.17.146",
              "20.118.17.205",
              "20.118.17.215",
              "20.118.18.6",
              "20.118.19.38",
              "20.118.19.96",
              "20.118.19.111",
              "20.118.19.144",
              "13.89.172.7"
            ],
            "possible_outbound_ip_addresses": "168.61.219.133,168.61.222.59,168.61.218.81,23.99.226.45,168.61.218.191,168.61.222.132,168.61.222.163,168.61.222.157,168.61.219.223,20.118.16.128,20.118.16.160,20.118.17.13,20.118.17.138,20.118.17.146,20.118.17.205,20.118.17.215,20.118.18.6,20.118.19.38,20.118.19.96,20.118.19.111,20.118.19.144,13.89.172.7",
            "public_network_access_enabled": true,
            "resource_group_name": "rg-clinica-movimentar-1",
            "service_plan_id": "/subscriptions/8207b153-1640-4a1d-9c3a-00061f0fb4ec/resourceGroups/rg-clinica-movimentar-1/providers/Microsoft.Web/serverFarms/appserviceplan-clinica-dev",
            "site_config": [
              {
                "always_on": false,
                "api_definition_url": "",
                "api_management_api_id": "",
                "app_command_line": "",
                "application_stack": [
                  {
                    "docker_image_name": "",
                    "docker_registry_password": "",
                    "docker_registry_url": "",
                    "docker_registry_username": "",
                    "dotnet_version": "",
                    "go_version": "",
                    "java_server": "",
                    "java_server_version": "",
                    "java_version": "",
                    "node_version": "18-lts",
                    "php_version": "",
                    "python_version": "",
                    "ruby_version": ""
                  }
                ],
                "auto_heal_setting": [],
                "container_registry_managed_identity_client_id": "",
                "container_registry_use_managed_identity": false,
                "cors": [],
                "default_documents": [
                  "Default.htm",
                  "Default.html",
                  "Default.asp",
                  "index.htm",
                  "index.html",
                  "iisstart.htm",
                  "default.aspx",
                  "index.php",
                  "hostingstart.html"
                ],
                "detailed_error_logging_enabled": false,
                "ftps_state": "Disabled",
                "health_check_eviction_time_in_min": 0,
                "health_check_path": "",
                "http2_enabled": false,
                "ip_restriction": [],
                "ip_restriction_default_action": "Allow",
                "linux_fx_version": "NODE|18-lts",
                "load_balancing_mode": "LeastRequests",
                "local_mysql_enabled": false,
                "managed_pipeline_mode": "Integrated",
                "minimum_tls_version": "1.2",
                "remote_debugging_enabled": false,
                "remote_debugging_version": "VS2022",
                "scm_ip_restriction": [],
                "scm_ip_restriction_default_action": "Allow",
                "scm_minimum_tls_version": "1.2",
                "scm_type": "None",
                "scm_use_main_ip_restriction": false,
                "use_32_bit_worker": true,
                "vnet_route_all_enabled": false,
                "websockets_enabled": false,
                "worker_count": 1
              }
            ],
            "site_credential": [
              {
                "name": "$clinica-backend-app-dev",
                "password": "wlJ3ihm8kxnm3RRMMCy8dFQMNEhb3tFQ1bjG222AJwrYmyMLxXHoKjQHpCex"
              }
            ],
            "sticky_settings": [],
            "storage_account": [],
            "tags": null,
            "timeouts": null,
            "virtual_network_backup_restore_enabled": false,
            "virtual_network_subnet_id": "",
            "webdeploy_publish_basic_authentication_enabled": true,
            "zip_deploy_file": ""
          },
          "sensitive_attributes": [
            [
              {
                "type": "get_attr",
                "value": "site_config"
              },
              {
                "type": "index",
                "value": {
                  "value": 0,
                  "type": "number"
                }
              },
              {
                "type": "get_attr",
                "value": "application_stack"
              },
              {
                "type": "index",
                "value": {
                  "value": 0,
                  "type": "number"
                }
              },
              {
                "type": "get_attr",
                "value": "docker_registry_password"
              }
            ],
            [
              {
                "type": "get_attr",
                "value": "site_credential"
              }
            ],
            [
              {
                "type": "get_attr",
                "value": "custom_domain_verification_id"
              }
            ]
          ],
          "private": "eyJlMmJmYjczMC1lY2FhLTExZTYtOGY4OC0zNDM2M2JjN2M0YzAiOnsiY3JlYXRlIjoxODAwMDAwMDAwMDAwLCJkZWxldGUiOjE4MDAwMDAwMDAwMDAsInJlYWQiOjMwMDAwMDAwMDAwMCwidXBkYXRlIjoxODAwMDAwMDAwMDAwfSwic2NoZW1hX3ZlcnNpb24iOiIxIn0=",
          "dependencies": [
            "azurerm_resource_group.clinica",
            "azurerm_service_plan.app_plan"
          ]
        }
      ]
    },
    {
      "mode": "managed",
      "type": "azurerm_resource_group",
      "name": "clinica",
      "provider": "provider[\"registry.terraform.io/hashicorp/azurerm\"]",
      "instances": [
        {
          "schema_version": 0,
          "attributes": {
            "id": "/subscriptions/8207b153-1640-4a1d-9c3a-00061f0fb4ec/resourceGroups/rg-clinica-movimentar-1",
            "location": "centralus",
            "managed_by": "",
            "name": "rg-clinica-movimentar-1",
            "tags": null,
            "timeouts": null
          },
          "sensitive_attributes": [],
          "private": "eyJlMmJmYjczMC1lY2FhLTExZTYtOGY4OC0zNDM2M2JjN2M0YzAiOnsiY3JlYXRlIjo1NDAwMDAwMDAwMDAwLCJkZWxldGUiOjU0MDAwMDAwMDAwMDAsInJlYWQiOjMwMDAwMDAwMDAwMCwidXBkYXRlIjo1NDAwMDAwMDAwMDAwfX0="
        }
      ]
    },
    {
      "mode": "managed",
      "type": "azurerm_service_plan",
      "name": "app_plan",
      "provider": "provider[\"registry.terraform.io/hashicorp/azurerm\"]",
      "instances": [
        {
          "schema_version": 1,
          "attributes": {
            "app_service_environment_id": "",
            "id": "/subscriptions/8207b153-1640-4a1d-9c3a-00061f0fb4ec/resourceGroups/rg-clinica-movimentar-1/providers/Microsoft.Web/serverFarms/appserviceplan-clinica-dev",
            "kind": "linux",
            "location": "centralus",
            "maximum_elastic_worker_count": 1,
            "name": "appserviceplan-clinica-dev",
            "os_type": "Linux",
            "per_site_scaling_enabled": false,
            "premium_plan_auto_scale_enabled": false,
            "reserved": true,
            "resource_group_name": "rg-clinica-movimentar-1",
            "sku_name": "F1",
            "tags": null,
            "timeouts": null,
            "worker_count": 1,
            "zone_balancing_enabled": false
          },
          "sensitive_attributes": [],
          "private": "eyJlMmJmYjczMC1lY2FhLTExZTYtOGY4OC0zNDM2M2JjN2M0YzAiOnsiY3JlYXRlIjozNjAwMDAwMDAwMDAwLCJkZWxldGUiOjM2MDAwMDAwMDAwMDAsInJlYWQiOjMwMDAwMDAwMDAwMCwidXBkYXRlIjozNjAwMDAwMDAwMDAwfSwic2NoZW1hX3ZlcnNpb24iOiIxIn0=",
          "dependencies": [
            "azurerm_resource_group.clinica"
          ]
        }
      ]
    },
    {
      "mode": "managed",
      "type": "azurerm_static_web_app",
      "name": "frontend_app",
      "provider": "provider[\"registry.terraform.io/hashicorp/azurerm\"]",
      "instances": [
        {
          "schema_version": 0,
          "attributes": {
            "api_key": "cf4eed456db80bccef28f0f12ddc7b0b012cf26b78d7c780449afe3e6cc3bc4806-18abed8c-83a9-4616-83ef-c8e80b639bc401029230597af010",
            "app_settings": null,
            "basic_auth": [],
            "configuration_file_changes_enabled": true,
            "default_host_name": "witty-wave-0597af010.6.azurestaticapps.net",
            "id": "/subscriptions/8207b153-1640-4a1d-9c3a-00061f0fb4ec/resourceGroups/rg-clinica-movimentar-1/providers/Microsoft.Web/staticSites/clinica-frontend-dev",
            "identity": [],
            "location": "centralus",
            "name": "clinica-frontend-dev",
            "preview_environments_enabled": true,
            "public_network_access_enabled": true,
            "repository_branch": "",
            "repository_token": "",
            "repository_url": "",
            "resource_group_name": "rg-clinica-movimentar-1",
            "sku_size": "Free",
            "sku_tier": "Free",
            "tags": null,
            "timeouts": null
          },
          "sensitive_attributes": [
            [
              {
                "type": "get_attr",
                "value": "repository_token"
              }
            ],
            [
              {
                "type": "get_attr",
                "value": "api_key"
              }
            ]
          ],
          "private": "eyJlMmJmYjczMC1lY2FhLTExZTYtOGY4OC0zNDM2M2JjN2M0YzAiOnsiY3JlYXRlIjoxODAwMDAwMDAwMDAwLCJkZWxldGUiOjE4MDAwMDAwMDAwMDAsInJlYWQiOjMwMDAwMDAwMDAwMCwidXBkYXRlIjoxODAwMDAwMDAwMDAwfX0=",
          "dependencies": [
            "azurerm_resource_group.clinica"
          ]
        }
      ]
    }
  ],
  "check_results": null
}
